id: dclock
name: DCLOCK
description: 'SPICE subcircuit: DCLOCK'
category: subcircuit
keywords:
- spice
- subckt
pins:
- id: '2'
  name: '2'
  position:
    x: -16.0
    y: -15.0
  direction: left
  pin_type: passive
- id: _duty_50
  name: '{DUTY=50'
  position:
    x: -16.0
    y: -7.5
  direction: left
  pin_type: passive
- id: freq_____
  name: FREQ=???}
  position:
    x: -16.0
    y: 0.0
  direction: left
  pin_type: passive
symbol:
  bounds:
    x: -16.0
    y: -15.0
    width: 32.0
    height: 30.0
  graphics:
  - kind: rect
    x: -12.0
    y: -15.0
    width: 24.0
    height: 30.0
    stroke_width: 1.5
simulation:
  model_type: spice_subckt
  netlist: X{label} {2} {{DUTY=50} {FREQ=???}} DCLOCK
  model_name: DCLOCK
